<?xml version="1.0" encoding="utf-8"?>
<Project ToolsVersion="4.0" xmlns="http://schemas.microsoft.com/developer/msbuild/2003">
  <ItemGroup>
    <Filter Include="StreetMetalBattle">
      <UniqueIdentifier>{c9811e4b-443e-4dbc-8c83-59568373eeec}</UniqueIdentifier>
    </Filter>
    <Filter Include="StreetMetalBattle\Resource Files">
      <UniqueIdentifier>{67DA6AB6-F800-4c08-8B7A-83BB121AAD01}</UniqueIdentifier>
      <Extensions>rc;ico;cur;bmp;dlg;rc2;rct;bin;rgs;gif;jpg;jpeg;jpe;resx;tiff;tif;png;wav;mfcribbon-ms</Extensions>
    </Filter>
    <Filter Include="StreetMetalBattle\Resource Files\Media">
      <UniqueIdentifier>{7e7b8c48-a3c1-4098-a2bc-2b0025606db8}</UniqueIdentifier>
    </Filter>
    <Filter Include="StreetMetalBattle\Resource Files\Media\Fonts">
      <UniqueIdentifier>{29b65139-73b6-49fe-8448-c8e0c5613c9c}</UniqueIdentifier>
    </Filter>
    <Filter Include="StreetMetalBattle\Source Files">
      <UniqueIdentifier>{4FC737F1-C7A5-4376-A066-2A32D752A2FF}</UniqueIdentifier>
      <Extensions>cpp;c;cc;cxx;def;odl;idl;hpj;bat;asm;asmx</Extensions>
    </Filter>
    <Filter Include="StreetMetalBattle\Header Files">
      <UniqueIdentifier>{93995380-89BD-4b04-88EB-625FBE52EBFB}</UniqueIdentifier>
      <Extensions>h;hh;hpp;hxx;hm;inl;inc;xsd</Extensions>
    </Filter>
    <Filter Include="StreetMetalBattle\Resource Files\Media\Textures">
      <UniqueIdentifier>{a628350f-3f92-4fbc-a17f-1f08f2204916}</UniqueIdentifier>
    </Filter>
    <Filter Include="StreetMetalBattle\Resource Files\Media\Sprites">
      <UniqueIdentifier>{e88c69e8-b48a-4d46-9230-d4cab8b00324}</UniqueIdentifier>
    </Filter>
    <Filter Include="StreetMetalBattle\Header Files\Identifiers">
      <UniqueIdentifier>{82bff4a4-6717-40e7-bbcf-f9c360745c25}</UniqueIdentifier>
    </Filter>
    <Filter Include="StreetMetalBattle\Header Files\Controller">
      <UniqueIdentifier>{05d07c1f-0afd-45f3-8948-fc6e0c33485d}</UniqueIdentifier>
    </Filter>
    <Filter Include="StreetMetalBattle\Header Files\Entities">
      <UniqueIdentifier>{bd0b47b1-6644-4360-81d1-b50112e1defc}</UniqueIdentifier>
    </Filter>
    <Filter Include="StreetMetalBattle\Header Files\World">
      <UniqueIdentifier>{3db75a77-10e4-490d-9c7f-33ddcc923858}</UniqueIdentifier>
    </Filter>
    <Filter Include="StreetMetalBattle\Source Files\Controller">
      <UniqueIdentifier>{bff60de8-f8da-41f8-b601-8e2f71d9e896}</UniqueIdentifier>
    </Filter>
    <Filter Include="StreetMetalBattle\Source Files\Entities">
      <UniqueIdentifier>{27bcace1-f36f-44aa-bd23-8c036eba259a}</UniqueIdentifier>
    </Filter>
    <Filter Include="StreetMetalBattle\Source Files\World">
      <UniqueIdentifier>{ffb3d5a0-4f7b-421e-9227-d30360881390}</UniqueIdentifier>
    </Filter>
    <Filter Include="StreetMetalBattle\Header Files\Entities\FighterStates">
      <UniqueIdentifier>{a73e2be9-9724-45d1-9e0a-ae595655bd89}</UniqueIdentifier>
    </Filter>
    <Filter Include="StreetMetalBattle\Source Files\Entities\FighterStates">
      <UniqueIdentifier>{ab5ab3c0-87d5-46d0-89d7-70c3f7f74235}</UniqueIdentifier>
    </Filter>
    <Filter Include="StreetMetalBattle\Header Files\Data">
      <UniqueIdentifier>{4cf050c7-5a2f-4d9f-8327-fca8a60eba5e}</UniqueIdentifier>
    </Filter>
    <Filter Include="StreetMetalBattle\Source Files\Data">
      <UniqueIdentifier>{46f79d68-aed0-457d-844a-5a63dbeb28c4}</UniqueIdentifier>
    </Filter>
    <Filter Include="StreetMetalBattle\Header Files\World\Scenario">
      <UniqueIdentifier>{2730c972-4162-430f-a30b-3a342ab8aefb}</UniqueIdentifier>
    </Filter>
    <Filter Include="StreetMetalBattle\Source Files\World\Scenario">
      <UniqueIdentifier>{3ad7031e-f7fc-4be4-80dc-0f97a8398295}</UniqueIdentifier>
    </Filter>
    <Filter Include="StreetMetalBattle\Header Files\GameStates">
      <UniqueIdentifier>{ed19824b-cb0d-4002-86e5-e8e6508773c5}</UniqueIdentifier>
    </Filter>
    <Filter Include="StreetMetalBattle\Source Files\GameStates">
      <UniqueIdentifier>{bb6c5cdb-63b4-4bb6-be22-bd081a1105d1}</UniqueIdentifier>
    </Filter>
  </ItemGroup>
  <ItemGroup>
    <ClCompile Include="Source Files\Controller\AiController.cpp">
      <Filter>StreetMetalBattle\Source Files\Controller</Filter>
    </ClCompile>
    <ClCompile Include="Source Files\Controller\Player.cpp">
      <Filter>StreetMetalBattle\Source Files\Controller</Filter>
    </ClCompile>
    <ClCompile Include="Source Files\Data\FighterData.cpp">
      <Filter>StreetMetalBattle\Source Files\Data</Filter>
    </ClCompile>
    <ClCompile Include="Source Files\Entities\Fighter.cpp">
      <Filter>StreetMetalBattle\Source Files\Entities</Filter>
    </ClCompile>
    <ClCompile Include="Source Files\Entities\FighterStates\FighterState.cpp">
      <Filter>StreetMetalBattle\Source Files\Entities\FighterStates</Filter>
    </ClCompile>
    <ClCompile Include="Source Files\Entities\FighterStates\FighterStateDying.cpp">
      <Filter>StreetMetalBattle\Source Files\Entities\FighterStates</Filter>
    </ClCompile>
    <ClCompile Include="Source Files\Entities\FighterStates\FighterStateGetPunched.cpp">
      <Filter>StreetMetalBattle\Source Files\Entities\FighterStates</Filter>
    </ClCompile>
    <ClCompile Include="Source Files\Entities\FighterStates\FighterStatePunching.cpp">
      <Filter>StreetMetalBattle\Source Files\Entities\FighterStates</Filter>
    </ClCompile>
    <ClCompile Include="Source Files\Entities\FighterStates\FighterStateStandBy.cpp">
      <Filter>StreetMetalBattle\Source Files\Entities\FighterStates</Filter>
    </ClCompile>
    <ClCompile Include="Source Files\Entities\FighterStates\FighterStateWalking.cpp">
      <Filter>StreetMetalBattle\Source Files\Entities\FighterStates</Filter>
    </ClCompile>
    <ClCompile Include="Source Files\GameStates\GameState.cpp">
      <Filter>StreetMetalBattle\Source Files\GameStates</Filter>
    </ClCompile>
    <ClCompile Include="Source Files\GameStates\TitleState.cpp">
      <Filter>StreetMetalBattle\Source Files\GameStates</Filter>
    </ClCompile>
    <ClCompile Include="Source Files\World\Scenario\Tile.cpp">
      <Filter>StreetMetalBattle\Source Files\World\Scenario</Filter>
    </ClCompile>
    <ClCompile Include="Source Files\World\WorldMap.cpp">
      <Filter>StreetMetalBattle\Source Files\World</Filter>
    </ClCompile>
    <ClCompile Include="Source Files\Game.cpp">
      <Filter>StreetMetalBattle\Source Files</Filter>
    </ClCompile>
    <ClCompile Include="Source Files\Main.cpp">
      <Filter>StreetMetalBattle\Source Files</Filter>
    </ClCompile>
    <ClCompile Include="Source Files\World\Scenario\TileMap.cpp">
      <Filter>StreetMetalBattle\Source Files\World\Scenario</Filter>
    </ClCompile>
  </ItemGroup>
  <ItemGroup>
    <None Include="packages.config" />
  </ItemGroup>
  <ItemGroup>
    <ClInclude Include="Header Files\Controller\AiController.h">
      <Filter>StreetMetalBattle\Header Files\Controller</Filter>
    </ClInclude>
    <ClInclude Include="Header Files\Controller\Player.h">
      <Filter>StreetMetalBattle\Header Files\Controller</Filter>
    </ClInclude>
    <ClInclude Include="Header Files\Data\FighterData.h">
      <Filter>StreetMetalBattle\Header Files\Data</Filter>
    </ClInclude>
    <ClInclude Include="Header Files\Entities\Fighter.h">
      <Filter>StreetMetalBattle\Header Files\Entities</Filter>
    </ClInclude>
    <ClInclude Include="Header Files\Entities\FighterStates\FighterState.h">
      <Filter>StreetMetalBattle\Header Files\Entities\FighterStates</Filter>
    </ClInclude>
    <ClInclude Include="Header Files\Entities\FighterStates\FighterStateDying.h">
      <Filter>StreetMetalBattle\Header Files\Entities\FighterStates</Filter>
    </ClInclude>
    <ClInclude Include="Header Files\Entities\FighterStates\FighterStateGetPunched.h">
      <Filter>StreetMetalBattle\Header Files\Entities\FighterStates</Filter>
    </ClInclude>
    <ClInclude Include="Header Files\Entities\FighterStates\FighterStatePunching.h">
      <Filter>StreetMetalBattle\Header Files\Entities\FighterStates</Filter>
    </ClInclude>
    <ClInclude Include="Header Files\Entities\FighterStates\FighterStateStandBy.h">
      <Filter>StreetMetalBattle\Header Files\Entities\FighterStates</Filter>
    </ClInclude>
    <ClInclude Include="Header Files\Entities\FighterStates\FighterStateWalking.h">
      <Filter>StreetMetalBattle\Header Files\Entities\FighterStates</Filter>
    </ClInclude>
    <ClInclude Include="Header Files\Identifiers\Category.h">
      <Filter>StreetMetalBattle\Header Files\Identifiers</Filter>
    </ClInclude>
    <ClInclude Include="Header Files\Identifiers\Fonts.h">
      <Filter>StreetMetalBattle\Header Files\Identifiers</Filter>
    </ClInclude>
    <ClInclude Include="Header Files\Identifiers\Inputs.h">
      <Filter>StreetMetalBattle\Header Files\Identifiers</Filter>
    </ClInclude>
    <ClInclude Include="Header Files\Identifiers\Orientation.h">
      <Filter>StreetMetalBattle\Header Files\Identifiers</Filter>
    </ClInclude>
    <ClInclude Include="Header Files\Identifiers\States.h">
      <Filter>StreetMetalBattle\Header Files\Identifiers</Filter>
    </ClInclude>
    <ClInclude Include="Header Files\Identifiers\Textures.h">
      <Filter>StreetMetalBattle\Header Files\Identifiers</Filter>
    </ClInclude>
    <ClInclude Include="Header Files\Identifiers\TileType.h">
      <Filter>StreetMetalBattle\Header Files\Identifiers</Filter>
    </ClInclude>
    <ClInclude Include="Header Files\GameStates\GameState.h">
      <Filter>StreetMetalBattle\Header Files\GameStates</Filter>
    </ClInclude>
    <ClInclude Include="Header Files\GameStates\TitleState.h">
      <Filter>StreetMetalBattle\Header Files\GameStates</Filter>
    </ClInclude>
    <ClInclude Include="Header Files\World\WorldMap.h">
      <Filter>StreetMetalBattle\Header Files\World</Filter>
    </ClInclude>
    <ClInclude Include="Header Files\World\Scenario\Tile.h">
      <Filter>StreetMetalBattle\Header Files\World\Scenario</Filter>
    </ClInclude>
    <ClInclude Include="Header Files\Game.h">
      <Filter>StreetMetalBattle\Header Files</Filter>
    </ClInclude>
    <ClInclude Include="Header Files\World\Scenario\TileMap.h">
      <Filter>StreetMetalBattle\Header Files\World\Scenario</Filter>
    </ClInclude>
    <ClInclude Include="resource.h">
      <Filter>StreetMetalBattle\Header Files</Filter>
    </ClInclude>
  </ItemGroup>
  <ItemGroup>
    <Image Include="Media\Textures\FloorTest.png">
      <Filter>StreetMetalBattle\Resource Files\Media\Textures</Filter>
    </Image>
    <Image Include="Media\Textures\SkyTest.png">
      <Filter>StreetMetalBattle\Resource Files\Media\Textures</Filter>
    </Image>
    <Image Include="Media\Sprites\catFighterSprite.png">
      <Filter>StreetMetalBattle\Resource Files\Media\Sprites</Filter>
    </Image>
    <Image Include="Media\Textures\tileTest.png">
      <Filter>StreetMetalBattle\Resource Files\Media\Textures</Filter>
    </Image>
  </ItemGroup>
  <ItemGroup>
    <Font Include="Media\Fonts\Capture_it.ttf">
      <Filter>StreetMetalBattle\Resource Files\Media\Fonts</Filter>
    </Font>
  </ItemGroup>
</Project>